PODS:
  - AFNetworking (1.3.1)
  - Mantle (1.2):
    - Mantle/extobjc
  - Mantle/extobjc (1.2)
  - SOCKit (1.1)

DEPENDENCIES:
  - AFNetworking
  - Mantle
  - SOCKit

SPEC CHECKSUMS:
  AFNetworking: 9ec8aafb9269236a7630bd8d9838ce2ba30fa2a0
  Mantle: f5b5cba1b112273fe3bb4433cdcf1da76203c2b4
  SOCKit: 2f3bc4d07910de12dcc202815e07db68a3802581

COCOAPODS: 0.22.2
